
Microsoft Visual Studio Solution File, Format Version 12.00
# Visual Studio Version 17
VisualStudioVersion = 17.0.32112.339
MinimumVisualStudioVersion = 10.0.40219.1
Project("{FAE04EC0-301F-11D3-BF4B-00C04F79EFBC}") = "N01511170_Assignment2", "N01511170_Assignment2\N01511170_Assignment2.csproj", "{9708A41D-F757-48C4-8883-1A314B2F2E64}"
EndProject
Global
	GlobalSection(SolutionConfigurationPlatforms) = preSolution
		Debug|Any CPU = Debug|Any CPU
		Release|Any CPU = Release|Any CPU
	EndGlobalSection
	GlobalSection(ProjectConfigurationPlatforms) = postSolution
		{9708A41D-F757-48C4-8883-1A314B2F2E64}.Debug|Any CPU.ActiveCfg = Debug|Any CPU
		{9708A41D-F757-48C4-8883-1A314B2F2E64}.Debug|Any CPU.Build.0 = Debug|Any CPU
		{9708A41D-F757-48C4-8883-1A314B2F2E64}.Release|Any CPU.ActiveCfg = Release|Any CPU
		{9708A41D-F757-48C4-8883-1A314B2F2E64}.Release|Any CPU.Build.0 = Release|Any CPU
	EndGlobalSection
	GlobalSection(SolutionProperties) = preSolution
		HideSolutionNode = FALSE
	EndGlobalSection
	GlobalSection(ExtensibilityGlobals) = postSolution
		SolutionGuid = {C04AD512-C30B-40A6-92E2-D9C9498AD72C}
	EndGlobalSection
EndGlobal
